// !$*UTF8*$!
{
	archiveVersion = 1;
	classes = {
	};
	objectVersion = 50;
	objects = {

/* Begin PBXBuildFile section */
		2C42C176234807CF009AED30 /* AppDelegate.swift in Sources */ = {isa = PBXBuildFile; fileRef = 2C42C175234807CF009AED30 /* AppDelegate.swift */; };
		2C42C178234807CF009AED30 /* SceneDelegate.swift in Sources */ = {isa = PBXBuildFile; fileRef = 2C42C177234807CF009AED30 /* SceneDelegate.swift */; };
		2C42C17A234807CF009AED30 /* ContentView.swift in Sources */ = {isa = PBXBuildFile; fileRef = 2C42C179234807CF009AED30 /* ContentView.swift */; };
		2C42C17C234807D4009AED30 /* Assets.xcassets in Resources */ = {isa = PBXBuildFile; fileRef = 2C42C17B234807D4009AED30 /* Assets.xcassets */; };
		2C42C17F234807D4009AED30 /* Preview Assets.xcassets in Resources */ = {isa = PBXBuildFile; fileRef = 2C42C17E234807D4009AED30 /* Preview Assets.xcassets */; };
		2C42C182234807D4009AED30 /* LaunchScreen.storyboard in Resources */ = {isa = PBXBuildFile; fileRef = 2C42C180234807D4009AED30 /* LaunchScreen.storyboard */; };
/* End PBXBuildFile section */

/* Begin PBXFileReference section */
		2C42C172234807CF009AED30 /* awesomepragmaapp.app */ = {isa = PBXFileReference; explicitFileType = wrapper.application; includeInIndex = 0; path = awesomepragmaapp.app; sourceTree = BUILT_PRODUCTS_DIR; };
		2C42C175234807CF009AED30 /* AppDelegate.swift */ = {isa = PBXFileReference; lastKnownFileType = sourcecode.swift; path = AppDelegate.swift; sourceTree = "<group>"; };
		2C42C177234807CF009AED30 /* SceneDelegate.swift */ = {isa = PBXFileReference; lastKnownFileType = sourcecode.swift; path = SceneDelegate.swift; sourceTree = "<group>"; };
		2C42C179234807CF009AED30 /* ContentView.swift */ = {isa = PBXFileReference; lastKnownFileType = sourcecode.swift; path = ContentView.swift; sourceTree = "<group>"; };
		2C42C17B234807D4009AED30 /* Assets.xcassets */ = {isa = PBXFileReference; lastKnownFileType = folder.assetcatalog; path = Assets.xcassets; sourceTree = "<group>"; };
		2C42C17E234807D4009AED30 /* Preview Assets.xcassets */ = {isa = PBXFileReference; lastKnownFileType = folder.assetcatalog; path = "Preview Assets.xcassets"; sourceTree = "<group>"; };
		2C42C181234807D4009AED30 /* Base */ = {isa = PBXFileReference; lastKnownFileType = file.storyboard; name = Base; path = Base.lproj/LaunchScreen.storyboard; sourceTree = "<group>"; };
		2C42C183234807D4009AED30 /* Info.plist */ = {isa = PBXFileReference; lastKnownFileType = text.plist.xml; path = Info.plist; sourceTree = "<group>"; };
/* End PBXFileReference section */

/* Begin PBXFrameworksBuildPhase section */
		2C42C16F234807CF009AED30 /* Frameworks */ = {
			isa = PBXFrameworksBuildPhase;
			buildActionMask = 2147483647;
			files = (
			);
			runOnlyForDeploymentPostprocessing = 0;
		};
/* End PBXFrameworksBuildPhase section */

/* Begin PBXGroup section */
		2C42C169234807CF009AED30 = {
			isa = PBXGroup;
			children = (
				2C42C174234807CF009AED30 /* awesomepragmaapp */,
				2C42C173234807CF009AED30 /* Products */,
			);
			sourceTree = "<group>";
		};
		2C42C173234807CF009AED30 /* Products */ = {
			isa = PBXGroup;
			children = (
				2C42C172234807CF009AED30 /* awesomepragmaapp.app */,
			);
			name = Products;
			sourceTree = "<group>";
		};
		2C42C174234807CF009AED30 /* awesomepragmaapp */ = {
			isa = PBXGroup;
			children = (
				2C42C175234807CF009AED30 /* AppDelegate.swift */,
				2C42C177234807CF009AED30 /* SceneDelegate.swift */,
				2C42C179234807CF009AED30 /* ContentView.swift */,
				2C42C17B234807D4009AED30 /* Assets.xcassets */,
				2C42C180234807D4009AED30 /* LaunchScreen.storyboard */,
				2C42C183234807D4009AED30 /* Info.plist */,
				2C42C17D234807D4009AED30 /* Preview Content */,
			);
			path = awesomepragmaapp;
			sourceTree = "<group>";
		};
		2C42C17D234807D4009AED30 /* Preview Content */ = {
			isa = PBXGroup;
			children = (
				2C42C17E234807D4009AED30 /* Preview Assets.xcassets */,
			);
			path = "Preview Content";
			sourceTree = "<group>";
		};
/* End PBXGroup section */

/* Begin PBXNativeTarget section */
		2C42C171234807CF009AED30 /* awesomepragmaapp */ = {
			isa = PBXNativeTarget;
			buildConfigurationList = 2C42C186234807D4009AED30 /* Build configuration list for PBXNativeTarget "awesomepragmaapp" */;
			buildPhases = (
				2C42C16E234807CF009AED30 /* Sources */,
				2C42C16F234807CF009AED30 /* Frameworks */,
				2C42C170234807CF009AED30 /* Resources */,
			);
			buildRules = (
			);
			dependencies = (
			);
			name = awesomepragmaapp;
			productName = awesomepragmaapp;
			productReference = 2C42C172234807CF009AED30 /* awesomepragmaapp.app */;
			productType = "com.apple.product-type.application";
		};
/* End PBXNativeTarget section */

/* Begin PBXProject section */
		2C42C16A234807CF009AED30 /* Project object */ = {
			isa = PBXProject;
			attributes = {
				LastSwiftUpdateCheck = 1100;
				LastUpgradeCheck = 1100;
				ORGANIZATIONNAME = "Tictrac ltd";
				TargetAttributes = {
					2C42C171234807CF009AED30 = {
						CreatedOnToolsVersion = 11.0;
					};
				};
			};
			buildConfigurationList = 2C42C16D234807CF009AED30 /* Build configuration list for PBXProject "awesomepragmaapp" */;
			compatibilityVersion = "Xcode 9.3";
			developmentRegion = en;
			hasScannedForEncodings = 0;
			knownRegions = (
				en,
				Base,
			);
			mainGroup = 2C42C169234807CF009AED30;
			productRefGroup = 2C42C173234807CF009AED30 /* Products */;
			projectDirPath = "";
			projectRoot = "";
			targets = (
				2C42C171234807CF009AED30 /* awesomepragmaapp */,
			);
		};
/* End PBXProject section */

/* Begin PBXResourcesBuildPhase section */
		2C42C170234807CF009AED30 /* Resources */ = {
			isa = PBXResourcesBuildPhase;
			buildActionMask = 2147483647;
			files = (
				2C42C182234807D4009AED30 /* LaunchScreen.storyboard in Resources */,
				2C42C17F234807D4009AED30 /* Preview Assets.xcassets in Resources */,
				2C42C17C234807D4009AED30 /* Assets.xcassets in Resources */,
			);
			runOnlyForDeploymentPostprocessing = 0;
		};
/* End PBXResourcesBuildPhase section */

/* Begin PBXSourcesBuildPhase section */
		2C42C16E234807CF009AED30 /* Sources */ = {
			isa = PBXSourcesBuildPhase;
			buildActionMask = 2147483647;
			files = (
				2C42C176234807CF009AED30 /* AppDelegate.swift in Sources */,
				2C42C178234807CF009AED30 /* SceneDelegate.swift in Sources */,
				2C42C17A234807CF009AED30 /* ContentView.swift in Sources */,
			);
			runOnlyForDeploymentPostprocessing = 0;
		};
/* End PBXSourcesBuildPhase section */

/* Begin PBXVariantGroup section */
		2C42C180234807D4009AED30 /* LaunchScreen.storyboard */ = {
			isa = PBXVariantGroup;
			children = (
				2C42C181234807D4009AED30 /* Base */,
			);
			name = LaunchScreen.storyboard;
			sourceTree = "<group>";
		};
/* End PBXVariantGroup section */

/* Begin XCBuildConfiguration section */
		2C42C184234807D4009AED30 /* Debug */ = {
			isa = XCBuildConfiguration;
			buildSettings = {
				ALWAYS_SEARCH_USER_PATHS = NO;
				CLANG_ANALYZER_NONNULL = YES;
				CLANG_ANALYZER_NUMBER_OBJECT_CONVERSION = YES_AGGRESSIVE;
				CLANG_CXX_LANGUAGE_STANDARD = "gnu++14";
				CLANG_CXX_LIBRARY = "libc++";
				CLANG_ENABLE_MODULES = YES;
				CLANG_ENABLE_OBJC_ARC = YES;
				CLANG_ENABLE_OBJC_WEAK = YES;
				CLANG_WARN_BLOCK_CAPTURE_AUTORELEASING = YES;
				CLANG_WARN_BOOL_CONVERSION = YES;
				CLANG_WARN_COMMA = YES;
				CLANG_WARN_CONSTANT_CONVERSION = YES;
				CLANG_WARN_DEPRECATED_OBJC_IMPLEMENTATIONS = YES;
				CLANG_WARN_DIRECT_OBJC_ISA_USAGE = YES_ERROR;
				CLANG_WARN_DOCUMENTATION_COMMENTS = YES;
				CLANG_WARN_EMPTY_BODY = YES;
				CLANG_WARN_ENUM_CONVERSION = YES;
				CLANG_WARN_INFINITE_RECURSION = YES;
				CLANG_WARN_INT_CONVERSION = YES;
				CLANG_WARN_NON_LITERAL_NULL_CONVERSION = YES;
				CLANG_WARN_OBJC_IMPLICIT_RETAIN_SELF = YES;
				CLANG_WARN_OBJC_LITERAL_CONVERSION = YES;
				CLANG_WARN_OBJC_ROOT_CLASS = YES_ERROR;
				CLANG_WARN_RANGE_LOOP_ANALYSIS = YES;
				CLANG_WARN_STRICT_PROTOTYPES = YES;
				CLANG_WARN_SUSPICIOUS_MOVE = YES;
				CLANG_WARN_UNGUARDED_AVAILABILITY = YES_AGGRESSIVE;
				CLANG_WARN_UNREACHABLE_CODE = YES;
				CLANG_WARN__DUPLICATE_METHOD_MATCH = YES;
				COPY_PHASE_STRIP = NO;
				DEBUG_INFORMATION_FORMAT = dwarf;
				ENABLE_STRICT_OBJC_MSGSEND = YES;
				ENABLE_TESTABILITY = YES;
				GCC_C_LANGUAGE_STANDARD = gnu11;
				GCC_DYNAMIC_NO_PIC = NO;
				GCC_NO_COMMON_BLOCKS = YES;
				GCC_OPTIMIZATION_LEVEL = 0;
				GCC_PREPROCESSOR_DEFINITIONS = (
					"DEBUG=1",
					"$(inherited)",
				);
				GCC_WARN_64_TO_32_BIT_CONVERSION = YES;
				GCC_WARN_ABOUT_RETURN_TYPE = YES_ERROR;
				GCC_WARN_UNDECLARED_SELECTOR = YES;
				GCC_WARN_UNINITIALIZED_AUTOS = YES_AGGRESSIVE;
				GCC_WARN_UNUSED_FUNCTION = YES;
				GCC_WARN_UNUSED_VARIABLE = YES;
				IPHONEOS_DEPLOYMENT_TARGET = 13.0;
				MTL_ENABLE_DEBUG_INFO = INCLUDE_SOURCE;
				MTL_FAST_MATH = YES;
				ONLY_ACTIVE_ARCH = YES;
				SDKROOT = iphoneos;
				SWIFT_ACTIVE_COMPILATION_CONDITIONS = DEBUG;
				SWIFT_OPTIMIZATION_LEVEL = "-Onone";
			};
			name = Debug;
		};
		2C42C185234807D4009AED30 /* Release */ = {
			isa = XCBuildConfiguration;
			buildSettings = {
				ALWAYS_SEARCH_USER_PATHS = NO;
				CLANG_ANALYZER_NONNULL = YES;
				CLANG_ANALYZER_NUMBER_OBJECT_CONVERSION = YES_AGGRESSIVE;
				CLANG_CXX_LANGUAGE_STANDARD = "gnu++14";
				CLANG_CXX_LIBRARY = "libc++";
				CLANG_ENABLE_MODULES = YES;
				CLANG_ENABLE_OBJC_ARC = YES;
				CLANG_ENABLE_OBJC_WEAK = YES;
				CLANG_WARN_BLOCK_CAPTURE_AUTORELEASING = YES;
				CLANG_WARN_BOOL_CONVERSION = YES;
				CLANG_WARN_COMMA = YES;
				CLANG_WARN_CONSTANT_CONVERSION = YES;
				CLANG_WARN_DEPRECATED_OBJC_IMPLEMENTATIONS = YES;
				CLANG_WARN_DIRECT_OBJC_ISA_USAGE = YES_ERROR;
				CLANG_WARN_DOCUMENTATION_COMMENTS = YES;
				CLANG_WARN_EMPTY_BODY = YES;
				CLANG_WARN_ENUM_CONVERSION = YES;
				CLANG_WARN_INFINITE_RECURSION = YES;
				CLANG_WARN_INT_CONVERSION = YES;
				CLANG_WARN_NON_LITERAL_NULL_CONVERSION = YES;
				CLANG_WARN_OBJC_IMPLICIT_RETAIN_SELF = YES;
				CLANG_WARN_OBJC_LITERAL_CONVERSION = YES;
				CLANG_WARN_OBJC_ROOT_CLASS = YES_ERROR;
				CLANG_WARN_RANGE_LOOP_ANALYSIS = YES;
				CLANG_WARN_STRICT_PROTOTYPES = YES;
				CLANG_WARN_SUSPICIOUS_MOVE = YES;
				CLANG_WARN_UNGUARDED_AVAILABILITY = YES_AGGRESSIVE;
				CLANG_WARN_UNREACHABLE_CODE = YES;
				CLANG_WARN__DUPLICATE_METHOD_MATCH = YES;
				COPY_PHASE_STRIP = NO;
				DEBUG_INFORMATION_FORMAT = "dwarf-with-dsym";
				ENABLE_NS_ASSERTIONS = NO;
				ENABLE_STRICT_OBJC_MSGSEND = YES;
				GCC_C_LANGUAGE_STANDARD = gnu11;
				GCC_NO_COMMON_BLOCKS = YES;
				GCC_WARN_64_TO_32_BIT_CONVERSION = YES;
				GCC_WARN_ABOUT_RETURN_TYPE = YES_ERROR;
				GCC_WARN_UNDECLARED_SELECTOR = YES;
				GCC_WARN_UNINITIALIZED_AUTOS = YES_AGGRESSIVE;
				GCC_WARN_UNUSED_FUNCTION = YES;
				GCC_WARN_UNUSED_VARIABLE = YES;
				IPHONEOS_DEPLOYMENT_TARGET = 13.0;
				MTL_ENABLE_DEBUG_INFO = NO;
				MTL_FAST_MATH = YES;
				SDKROOT = iphoneos;
				SWIFT_COMPILATION_MODE = wholemodule;
				SWIFT_OPTIMIZATION_LEVEL = "-O";
				VALIDATE_PRODUCT = YES;
			};
			name = Release;
		};
		2C42C187234807D4009AED30 /* Debug */ = {
			isa = XCBuildConfiguration;
			buildSettings = {
				ASSETCATALOG_COMPILER_APPICON_NAME = AppIcon;
				CODE_SIGN_STYLE = Automatic;
				DEVELOPMENT_ASSET_PATHS = "\"awesomepragmaapp/Preview Content\"";
				DEVELOPMENT_TEAM = LRH92Q25ZF;
				ENABLE_PREVIEWS = YES;
				INFOPLIST_FILE = awesomepragmaapp/Info.plist;
				LD_RUNPATH_SEARCH_PATHS = (
					"$(inherited)",
					"@executable_path/Frameworks",
				);
				PRODUCT_BUNDLE_IDENTIFIER = com.bold.ideas.awesomepragmaapp;
				PRODUCT_NAME = "$(TARGET_NAME)";
				SWIFT_VERSION = 5.0;
				TARGETED_DEVICE_FAMILY = "1,2";
			};
			name = Debug;
		};
		2C42C188234807D4009AED30 /* Release */ = {
			isa = XCBuildConfiguration;
			buildSettings = {
				ASSETCATALOG_COMPILER_APPICON_NAME = AppIcon;
				CODE_SIGN_STYLE = Automatic;
				DEVELOPMENT_ASSET_PATHS = "\"awesomepragmaapp/Preview Content\"";
				DEVELOPMENT_TEAM = LRH92Q25ZF;
				ENABLE_PREVIEWS = YES;
				INFOPLIST_FILE = awesomepragmaapp/Info.plist;
				LD_RUNPATH_SEARCH_PATHS = (
					"$(inherited)",
					"@executable_path/Frameworks",
				);
				PRODUCT_BUNDLE_IDENTIFIER = com.bold.ideas.awesomepragmaapp;
				PRODUCT_NAME = "$(TARGET_NAME)";
				SWIFT_VERSION = 5.0;
				TARGETED_DEVICE_FAMILY = "1,2";
			};
			name = Release;
		};
/* End XCBuildConfiguration section */

/* Begin XCConfigurationList section */
		2C42C16D234807CF009AED30 /* Build configuration list for PBXProject "awesomepragmaapp" */ = {
			isa = XCConfigurationList;
			buildConfigurations = (
				2C42C184234807D4009AED30 /* Debug */,
				2C42C185234807D4009AED30 /* Release */,
			);
			defaultConfigurationIsVisible = 0;
			defaultConfigurationName = Release;
		};
		2C42C186234807D4009AED30 /* Build configuration list for PBXNativeTarget "awesomepragmaapp" */ = {
			isa = XCConfigurationList;
			buildConfigurations = (
				2C42C187234807D4009AED30 /* Debug */,
				2C42C188234807D4009AED30 /* Release */,
			);
			defaultConfigurationIsVisible = 0;
			defaultConfigurationName = Release;
		};
/* End XCConfigurationList section */
	};
	rootObject = 2C42C16A234807CF009AED30 /* Project object */;
}
